
Microsoft Visual Studio Solution File, Format Version 12.00
# Visual Studio Version 16
VisualStudioVersion = 16.0.29709.97
MinimumVisualStudioVersion = 10.0.40219.1
Project("{FAE04EC0-301F-11D3-BF4B-00C04F79EFBC}") = "AliyunApi", "AliyunApi\AliyunApi.csproj", "{97991FF9-3EF6-4839-A7B9-15D3CDD5A25C}"
EndProject
Global
	GlobalSection(SolutionConfigurationPlatforms) = preSolution
		Debug|Any CPU = Debug|Any CPU
		Release|Any CPU = Release|Any CPU
	EndGlobalSection
	GlobalSection(ProjectConfigurationPlatforms) = postSolution
		{97991FF9-3EF6-4839-A7B9-15D3CDD5A25C}.Debug|Any CPU.ActiveCfg = Debug|Any CPU
		{97991FF9-3EF6-4839-A7B9-15D3CDD5A25C}.Debug|Any CPU.Build.0 = Debug|Any CPU
		{97991FF9-3EF6-4839-A7B9-15D3CDD5A25C}.Release|Any CPU.ActiveCfg = Release|Any CPU
		{97991FF9-3EF6-4839-A7B9-15D3CDD5A25C}.Release|Any CPU.Build.0 = Release|Any CPU
	EndGlobalSection
	GlobalSection(SolutionProperties) = preSolution
		HideSolutionNode = FALSE
	EndGlobalSection
	GlobalSection(ExtensibilityGlobals) = postSolution
		SolutionGuid = {323DC7F4-F4B9-4A90-B8AB-EFC37769EA0B}
	EndGlobalSection
EndGlobal
